
Microsoft Visual Studio Solution File, Format Version 12.00
# Visual Studio Version 17
VisualStudioVersion = 17.3.32901.215
MinimumVisualStudioVersion = 10.0.40219.1
Project("{9A19103F-16F7-4668-BE54-9A1E7A4F7556}") = "Lab3Ex1", "Lab3Ex\Lab3Ex1.csproj", "{6894E5C5-557C-4803-9416-E085F6234DA7}"
EndProject
Project("{9A19103F-16F7-4668-BE54-9A1E7A4F7556}") = "Lab3Ex2", "Lab3Ex2\Lab3Ex2.csproj", "{6F58C0FC-BBC9-45BE-9B88-1E12C40CAEB1}"
EndProject
Project("{FAE04EC0-301F-11D3-BF4B-00C04F79EFBC}") = "Lab3Ex3", "Lab3Ex3\Lab3Ex3.csproj", "{0F9C34A9-5ECE-4D19-A555-66026301C7B7}"
EndProject
Global
	GlobalSection(SolutionConfigurationPlatforms) = preSolution
		Debug|Any CPU = Debug|Any CPU
		Release|Any CPU = Release|Any CPU
	EndGlobalSection
	GlobalSection(ProjectConfigurationPlatforms) = postSolution
		{6894E5C5-557C-4803-9416-E085F6234DA7}.Debug|Any CPU.ActiveCfg = Debug|Any CPU
		{6894E5C5-557C-4803-9416-E085F6234DA7}.Debug|Any CPU.Build.0 = Debug|Any CPU
		{6894E5C5-557C-4803-9416-E085F6234DA7}.Release|Any CPU.ActiveCfg = Release|Any CPU
		{6894E5C5-557C-4803-9416-E085F6234DA7}.Release|Any CPU.Build.0 = Release|Any CPU
		{6F58C0FC-BBC9-45BE-9B88-1E12C40CAEB1}.Debug|Any CPU.ActiveCfg = Debug|Any CPU
		{6F58C0FC-BBC9-45BE-9B88-1E12C40CAEB1}.Debug|Any CPU.Build.0 = Debug|Any CPU
		{6F58C0FC-BBC9-45BE-9B88-1E12C40CAEB1}.Release|Any CPU.ActiveCfg = Release|Any CPU
		{6F58C0FC-BBC9-45BE-9B88-1E12C40CAEB1}.Release|Any CPU.Build.0 = Release|Any CPU
		{0F9C34A9-5ECE-4D19-A555-66026301C7B7}.Debug|Any CPU.ActiveCfg = Debug|Any CPU
		{0F9C34A9-5ECE-4D19-A555-66026301C7B7}.Debug|Any CPU.Build.0 = Debug|Any CPU
		{0F9C34A9-5ECE-4D19-A555-66026301C7B7}.Release|Any CPU.ActiveCfg = Release|Any CPU
		{0F9C34A9-5ECE-4D19-A555-66026301C7B7}.Release|Any CPU.Build.0 = Release|Any CPU
	EndGlobalSection
	GlobalSection(SolutionProperties) = preSolution
		HideSolutionNode = FALSE
	EndGlobalSection
	GlobalSection(ExtensibilityGlobals) = postSolution
		SolutionGuid = {F3A1193C-5244-4AAE-A5A1-CF7F44DA9CB1}
	EndGlobalSection
EndGlobal
